
Microsoft Visual Studio Solution File, Format Version 12.00
# Visual Studio 15
VisualStudioVersion = 15.0.28307.1972
MinimumVisualStudioVersion = 10.0.40219.1
Project("{FAE04EC0-301F-11D3-BF4B-00C04F79EFBC}") = "Reproductor", "Reproductor\Reproductor.csproj", "{B2007300-D3A6-4793-9873-2BC2642B3260}"
EndProject
Global
	GlobalSection(SolutionConfigurationPlatforms) = preSolution
		Debug|Any CPU = Debug|Any CPU
		Release|Any CPU = Release|Any CPU
	EndGlobalSection
	GlobalSection(ProjectConfigurationPlatforms) = postSolution
		{B2007300-D3A6-4793-9873-2BC2642B3260}.Debug|Any CPU.ActiveCfg = Debug|Any CPU
		{B2007300-D3A6-4793-9873-2BC2642B3260}.Debug|Any CPU.Build.0 = Debug|Any CPU
		{B2007300-D3A6-4793-9873-2BC2642B3260}.Release|Any CPU.ActiveCfg = Release|Any CPU
		{B2007300-D3A6-4793-9873-2BC2642B3260}.Release|Any CPU.Build.0 = Release|Any CPU
	EndGlobalSection
	GlobalSection(SolutionProperties) = preSolution
		HideSolutionNode = FALSE
	EndGlobalSection
	GlobalSection(ExtensibilityGlobals) = postSolution
		SolutionGuid = {B0256799-5F48-4D0A-BC41-900E275C1DF0}
	EndGlobalSection
EndGlobal
